
Microsoft Visual Studio Solution File, Format Version 12.00
# Visual Studio Version 16
VisualStudioVersion = 16.0.28922.388
MinimumVisualStudioVersion = 10.0.40219.1
Project("{FAE04EC0-301F-11D3-BF4B-00C04F79EFBC}") = "RubricaTelefonica", "RubricaTelefonica\RubricaTelefonica.csproj", "{6BA6411A-FC65-42E4-9183-17C818E7C8CA}"
EndProject
Global
	GlobalSection(SolutionConfigurationPlatforms) = preSolution
		Debug|Any CPU = Debug|Any CPU
		Release|Any CPU = Release|Any CPU
	EndGlobalSection
	GlobalSection(ProjectConfigurationPlatforms) = postSolution
		{6BA6411A-FC65-42E4-9183-17C818E7C8CA}.Debug|Any CPU.ActiveCfg = Debug|Any CPU
		{6BA6411A-FC65-42E4-9183-17C818E7C8CA}.Debug|Any CPU.Build.0 = Debug|Any CPU
		{6BA6411A-FC65-42E4-9183-17C818E7C8CA}.Release|Any CPU.ActiveCfg = Release|Any CPU
		{6BA6411A-FC65-42E4-9183-17C818E7C8CA}.Release|Any CPU.Build.0 = Release|Any CPU
	EndGlobalSection
	GlobalSection(SolutionProperties) = preSolution
		HideSolutionNode = FALSE
	EndGlobalSection
	GlobalSection(ExtensibilityGlobals) = postSolution
		SolutionGuid = {4D8614BB-60D8-4EC8-BD80-8616D2CAEE4F}
	EndGlobalSection
EndGlobal
